
Microsoft Visual Studio Solution File, Format Version 12.00
# Visual Studio Version 17
VisualStudioVersion = 17.0.31903.59
MinimumVisualStudioVersion = 10.0.40219.1
Project("{FAE04EC0-301F-11D3-BF4B-00C04F79EFBC}") = "StatsGenerator", "StatsGenerator\StatsGenerator.csproj", "{10A7587A-03F3-4EB5-B275-3D1A0AFB081C}"
EndProject
Global
	GlobalSection(SolutionConfigurationPlatforms) = preSolution
		Debug|Any CPU = Debug|Any CPU
		Release|Any CPU = Release|Any CPU
	EndGlobalSection
	GlobalSection(ProjectConfigurationPlatforms) = postSolution
		{10A7587A-03F3-4EB5-B275-3D1A0AFB081C}.Debug|Any CPU.ActiveCfg = Debug|Any CPU
		{10A7587A-03F3-4EB5-B275-3D1A0AFB081C}.Debug|Any CPU.Build.0 = Debug|Any CPU
		{10A7587A-03F3-4EB5-B275-3D1A0AFB081C}.Release|Any CPU.ActiveCfg = Release|Any CPU
		{10A7587A-03F3-4EB5-B275-3D1A0AFB081C}.Release|Any CPU.Build.0 = Release|Any CPU
	EndGlobalSection
	GlobalSection(SolutionProperties) = preSolution
		HideSolutionNode = FALSE
	EndGlobalSection
	GlobalSection(ExtensibilityGlobals) = postSolution
		SolutionGuid = {F57EFA9A-02C0-4CC6-AB5E-60652C44F05C}
	EndGlobalSection
EndGlobal
